
Microsoft Visual Studio Solution File, Format Version 12.00
Project("{FAE04EC0-301F-11D3-BF4B-00C04F79EFBC}") = "Treda", "Treda.csproj", "{DD19846A-AA14-4E8F-93FC-5E5EF57AF306}"
EndProject
Global
	GlobalSection(SolutionConfigurationPlatforms) = preSolution
		Debug|Any CPU = Debug|Any CPU
		Release|Any CPU = Release|Any CPU
	EndGlobalSection
	GlobalSection(ProjectConfigurationPlatforms) = postSolution
		{DD19846A-AA14-4E8F-93FC-5E5EF57AF306}.Debug|Any CPU.ActiveCfg = Debug|Any CPU
		{DD19846A-AA14-4E8F-93FC-5E5EF57AF306}.Debug|Any CPU.Build.0 = Debug|Any CPU
		{DD19846A-AA14-4E8F-93FC-5E5EF57AF306}.Release|Any CPU.ActiveCfg = Release|Any CPU
		{DD19846A-AA14-4E8F-93FC-5E5EF57AF306}.Release|Any CPU.Build.0 = Release|Any CPU
	EndGlobalSection
EndGlobal
